
Microsoft Visual Studio Solution File, Format Version 12.00
# Visual Studio Version 16
VisualStudioVersion = 16.0.31129.286
MinimumVisualStudioVersion = 10.0.40219.1
Project("{FAE04EC0-301F-11D3-BF4B-00C04F79EFBC}") = "RecyApp.Android", "RecyApp\RecyApp.Android\RecyApp.Android.csproj", "{8C42EFC2-02FE-49C9-85F6-F1D35A8FA765}"
EndProject
Project("{FAE04EC0-301F-11D3-BF4B-00C04F79EFBC}") = "RecyApp.iOS", "RecyApp\RecyApp.iOS\RecyApp.iOS.csproj", "{BBFB936E-283D-4A5D-9AA0-348B739C3648}"
EndProject
Project("{FAE04EC0-301F-11D3-BF4B-00C04F79EFBC}") = "RecyApp", "RecyApp\RecyApp\RecyApp.csproj", "{29A590CA-103E-4FDE-A91D-DBD77618D9CB}"
EndProject
Global
	GlobalSection(SolutionConfigurationPlatforms) = preSolution
		Debug|Any CPU = Debug|Any CPU
		Debug|iPhone = Debug|iPhone
		Debug|iPhoneSimulator = Debug|iPhoneSimulator
		Release|Any CPU = Release|Any CPU
		Release|iPhone = Release|iPhone
		Release|iPhoneSimulator = Release|iPhoneSimulator
	EndGlobalSection
	GlobalSection(ProjectConfigurationPlatforms) = postSolution
		{8C42EFC2-02FE-49C9-85F6-F1D35A8FA765}.Debug|Any CPU.ActiveCfg = Debug|Any CPU
		{8C42EFC2-02FE-49C9-85F6-F1D35A8FA765}.Debug|Any CPU.Build.0 = Debug|Any CPU
		{8C42EFC2-02FE-49C9-85F6-F1D35A8FA765}.Debug|Any CPU.Deploy.0 = Debug|Any CPU
		{8C42EFC2-02FE-49C9-85F6-F1D35A8FA765}.Debug|iPhone.ActiveCfg = Debug|Any CPU
		{8C42EFC2-02FE-49C9-85F6-F1D35A8FA765}.Debug|iPhone.Build.0 = Debug|Any CPU
		{8C42EFC2-02FE-49C9-85F6-F1D35A8FA765}.Debug|iPhone.Deploy.0 = Debug|Any CPU
		{8C42EFC2-02FE-49C9-85F6-F1D35A8FA765}.Debug|iPhoneSimulator.ActiveCfg = Debug|Any CPU
		{8C42EFC2-02FE-49C9-85F6-F1D35A8FA765}.Debug|iPhoneSimulator.Build.0 = Debug|Any CPU
		{8C42EFC2-02FE-49C9-85F6-F1D35A8FA765}.Debug|iPhoneSimulator.Deploy.0 = Debug|Any CPU
		{8C42EFC2-02FE-49C9-85F6-F1D35A8FA765}.Release|Any CPU.ActiveCfg = Release|Any CPU
		{8C42EFC2-02FE-49C9-85F6-F1D35A8FA765}.Release|Any CPU.Build.0 = Release|Any CPU
		{8C42EFC2-02FE-49C9-85F6-F1D35A8FA765}.Release|Any CPU.Deploy.0 = Release|Any CPU
		{8C42EFC2-02FE-49C9-85F6-F1D35A8FA765}.Release|iPhone.ActiveCfg = Release|Any CPU
		{8C42EFC2-02FE-49C9-85F6-F1D35A8FA765}.Release|iPhone.Build.0 = Release|Any CPU
		{8C42EFC2-02FE-49C9-85F6-F1D35A8FA765}.Release|iPhone.Deploy.0 = Release|Any CPU
		{8C42EFC2-02FE-49C9-85F6-F1D35A8FA765}.Release|iPhoneSimulator.ActiveCfg = Release|Any CPU
		{8C42EFC2-02FE-49C9-85F6-F1D35A8FA765}.Release|iPhoneSimulator.Build.0 = Release|Any CPU
		{8C42EFC2-02FE-49C9-85F6-F1D35A8FA765}.Release|iPhoneSimulator.Deploy.0 = Release|Any CPU
		{BBFB936E-283D-4A5D-9AA0-348B739C3648}.Debug|Any CPU.ActiveCfg = Debug|iPhoneSimulator
		{BBFB936E-283D-4A5D-9AA0-348B739C3648}.Debug|iPhone.ActiveCfg = Debug|iPhone
		{BBFB936E-283D-4A5D-9AA0-348B739C3648}.Debug|iPhone.Build.0 = Debug|iPhone
		{BBFB936E-283D-4A5D-9AA0-348B739C3648}.Debug|iPhoneSimulator.ActiveCfg = Debug|iPhoneSimulator
		{BBFB936E-283D-4A5D-9AA0-348B739C3648}.Debug|iPhoneSimulator.Build.0 = Debug|iPhoneSimulator
		{BBFB936E-283D-4A5D-9AA0-348B739C3648}.Release|Any CPU.ActiveCfg = Release|iPhoneSimulator
		{BBFB936E-283D-4A5D-9AA0-348B739C3648}.Release|iPhone.ActiveCfg = Release|iPhone
		{BBFB936E-283D-4A5D-9AA0-348B739C3648}.Release|iPhone.Build.0 = Release|iPhone
		{BBFB936E-283D-4A5D-9AA0-348B739C3648}.Release|iPhoneSimulator.ActiveCfg = Release|iPhoneSimulator
		{BBFB936E-283D-4A5D-9AA0-348B739C3648}.Release|iPhoneSimulator.Build.0 = Release|iPhoneSimulator
		{29A590CA-103E-4FDE-A91D-DBD77618D9CB}.Debug|Any CPU.ActiveCfg = Debug|Any CPU
		{29A590CA-103E-4FDE-A91D-DBD77618D9CB}.Debug|Any CPU.Build.0 = Debug|Any CPU
		{29A590CA-103E-4FDE-A91D-DBD77618D9CB}.Debug|iPhone.ActiveCfg = Debug|Any CPU
		{29A590CA-103E-4FDE-A91D-DBD77618D9CB}.Debug|iPhone.Build.0 = Debug|Any CPU
		{29A590CA-103E-4FDE-A91D-DBD77618D9CB}.Debug|iPhoneSimulator.ActiveCfg = Debug|Any CPU
		{29A590CA-103E-4FDE-A91D-DBD77618D9CB}.Debug|iPhoneSimulator.Build.0 = Debug|Any CPU
		{29A590CA-103E-4FDE-A91D-DBD77618D9CB}.Release|Any CPU.ActiveCfg = Release|Any CPU
		{29A590CA-103E-4FDE-A91D-DBD77618D9CB}.Release|Any CPU.Build.0 = Release|Any CPU
		{29A590CA-103E-4FDE-A91D-DBD77618D9CB}.Release|iPhone.ActiveCfg = Release|Any CPU
		{29A590CA-103E-4FDE-A91D-DBD77618D9CB}.Release|iPhone.Build.0 = Release|Any CPU
		{29A590CA-103E-4FDE-A91D-DBD77618D9CB}.Release|iPhoneSimulator.ActiveCfg = Release|Any CPU
		{29A590CA-103E-4FDE-A91D-DBD77618D9CB}.Release|iPhoneSimulator.Build.0 = Release|Any CPU
	EndGlobalSection
	GlobalSection(SolutionProperties) = preSolution
		HideSolutionNode = FALSE
	EndGlobalSection
	GlobalSection(ExtensibilityGlobals) = postSolution
		SolutionGuid = {C1D239A6-755D-4FD6-BBAB-CC0D30BECF1C}
	EndGlobalSection
EndGlobal
