
Microsoft Visual Studio Solution File, Format Version 12.00
# Visual Studio Version 16
VisualStudioVersion = 16.0.31129.286
MinimumVisualStudioVersion = 10.0.40219.1
Project("{FAE04EC0-301F-11D3-BF4B-00C04F79EFBC}") = "RecyApp.Android", "RecyApp\RecyApp.Android\RecyApp.Android.csproj", "{90C4AB35-3D98-43BB-B1CA-89393D6C428A}"
EndProject
Project("{FAE04EC0-301F-11D3-BF4B-00C04F79EFBC}") = "RecyApp.iOS", "RecyApp\RecyApp.iOS\RecyApp.iOS.csproj", "{2C7D4FF8-D0CF-44DE-93F1-43D5F99E3BBC}"
EndProject
Project("{FAE04EC0-301F-11D3-BF4B-00C04F79EFBC}") = "RecyApp", "RecyApp\RecyApp\RecyApp.csproj", "{9F7320F4-D455-4B37-B826-AFF4B01E0D6F}"
EndProject
Global
	GlobalSection(SolutionConfigurationPlatforms) = preSolution
		Debug|Any CPU = Debug|Any CPU
		Debug|iPhone = Debug|iPhone
		Debug|iPhoneSimulator = Debug|iPhoneSimulator
		Release|Any CPU = Release|Any CPU
		Release|iPhone = Release|iPhone
		Release|iPhoneSimulator = Release|iPhoneSimulator
	EndGlobalSection
	GlobalSection(ProjectConfigurationPlatforms) = postSolution
		{90C4AB35-3D98-43BB-B1CA-89393D6C428A}.Debug|Any CPU.ActiveCfg = Debug|Any CPU
		{90C4AB35-3D98-43BB-B1CA-89393D6C428A}.Debug|Any CPU.Build.0 = Debug|Any CPU
		{90C4AB35-3D98-43BB-B1CA-89393D6C428A}.Debug|Any CPU.Deploy.0 = Debug|Any CPU
		{90C4AB35-3D98-43BB-B1CA-89393D6C428A}.Debug|iPhone.ActiveCfg = Debug|Any CPU
		{90C4AB35-3D98-43BB-B1CA-89393D6C428A}.Debug|iPhone.Build.0 = Debug|Any CPU
		{90C4AB35-3D98-43BB-B1CA-89393D6C428A}.Debug|iPhone.Deploy.0 = Debug|Any CPU
		{90C4AB35-3D98-43BB-B1CA-89393D6C428A}.Debug|iPhoneSimulator.ActiveCfg = Debug|Any CPU
		{90C4AB35-3D98-43BB-B1CA-89393D6C428A}.Debug|iPhoneSimulator.Build.0 = Debug|Any CPU
		{90C4AB35-3D98-43BB-B1CA-89393D6C428A}.Debug|iPhoneSimulator.Deploy.0 = Debug|Any CPU
		{90C4AB35-3D98-43BB-B1CA-89393D6C428A}.Release|Any CPU.ActiveCfg = Release|Any CPU
		{90C4AB35-3D98-43BB-B1CA-89393D6C428A}.Release|Any CPU.Build.0 = Release|Any CPU
		{90C4AB35-3D98-43BB-B1CA-89393D6C428A}.Release|Any CPU.Deploy.0 = Release|Any CPU
		{90C4AB35-3D98-43BB-B1CA-89393D6C428A}.Release|iPhone.ActiveCfg = Release|Any CPU
		{90C4AB35-3D98-43BB-B1CA-89393D6C428A}.Release|iPhone.Build.0 = Release|Any CPU
		{90C4AB35-3D98-43BB-B1CA-89393D6C428A}.Release|iPhone.Deploy.0 = Release|Any CPU
		{90C4AB35-3D98-43BB-B1CA-89393D6C428A}.Release|iPhoneSimulator.ActiveCfg = Release|Any CPU
		{90C4AB35-3D98-43BB-B1CA-89393D6C428A}.Release|iPhoneSimulator.Build.0 = Release|Any CPU
		{90C4AB35-3D98-43BB-B1CA-89393D6C428A}.Release|iPhoneSimulator.Deploy.0 = Release|Any CPU
		{2C7D4FF8-D0CF-44DE-93F1-43D5F99E3BBC}.Debug|Any CPU.ActiveCfg = Debug|iPhone
		{2C7D4FF8-D0CF-44DE-93F1-43D5F99E3BBC}.Debug|Any CPU.Build.0 = Debug|iPhone
		{2C7D4FF8-D0CF-44DE-93F1-43D5F99E3BBC}.Debug|Any CPU.Deploy.0 = Debug|iPhone
		{2C7D4FF8-D0CF-44DE-93F1-43D5F99E3BBC}.Debug|iPhone.ActiveCfg = Debug|iPhone
		{2C7D4FF8-D0CF-44DE-93F1-43D5F99E3BBC}.Debug|iPhone.Build.0 = Debug|iPhone
		{2C7D4FF8-D0CF-44DE-93F1-43D5F99E3BBC}.Debug|iPhone.Deploy.0 = Debug|iPhone
		{2C7D4FF8-D0CF-44DE-93F1-43D5F99E3BBC}.Debug|iPhoneSimulator.ActiveCfg = Debug|iPhoneSimulator
		{2C7D4FF8-D0CF-44DE-93F1-43D5F99E3BBC}.Debug|iPhoneSimulator.Build.0 = Debug|iPhoneSimulator
		{2C7D4FF8-D0CF-44DE-93F1-43D5F99E3BBC}.Debug|iPhoneSimulator.Deploy.0 = Debug|iPhoneSimulator
		{2C7D4FF8-D0CF-44DE-93F1-43D5F99E3BBC}.Release|Any CPU.ActiveCfg = Release|iPhoneSimulator
		{2C7D4FF8-D0CF-44DE-93F1-43D5F99E3BBC}.Release|Any CPU.Build.0 = Release|iPhoneSimulator
		{2C7D4FF8-D0CF-44DE-93F1-43D5F99E3BBC}.Release|Any CPU.Deploy.0 = Release|iPhoneSimulator
		{2C7D4FF8-D0CF-44DE-93F1-43D5F99E3BBC}.Release|iPhone.ActiveCfg = Release|iPhone
		{2C7D4FF8-D0CF-44DE-93F1-43D5F99E3BBC}.Release|iPhone.Build.0 = Release|iPhone
		{2C7D4FF8-D0CF-44DE-93F1-43D5F99E3BBC}.Release|iPhone.Deploy.0 = Release|iPhone
		{2C7D4FF8-D0CF-44DE-93F1-43D5F99E3BBC}.Release|iPhoneSimulator.ActiveCfg = Release|iPhoneSimulator
		{2C7D4FF8-D0CF-44DE-93F1-43D5F99E3BBC}.Release|iPhoneSimulator.Build.0 = Release|iPhoneSimulator
		{2C7D4FF8-D0CF-44DE-93F1-43D5F99E3BBC}.Release|iPhoneSimulator.Deploy.0 = Release|iPhoneSimulator
		{9F7320F4-D455-4B37-B826-AFF4B01E0D6F}.Debug|Any CPU.ActiveCfg = Debug|Any CPU
		{9F7320F4-D455-4B37-B826-AFF4B01E0D6F}.Debug|Any CPU.Build.0 = Debug|Any CPU
		{9F7320F4-D455-4B37-B826-AFF4B01E0D6F}.Debug|Any CPU.Deploy.0 = Debug|Any CPU
		{9F7320F4-D455-4B37-B826-AFF4B01E0D6F}.Debug|iPhone.ActiveCfg = Debug|Any CPU
		{9F7320F4-D455-4B37-B826-AFF4B01E0D6F}.Debug|iPhone.Build.0 = Debug|Any CPU
		{9F7320F4-D455-4B37-B826-AFF4B01E0D6F}.Debug|iPhone.Deploy.0 = Debug|Any CPU
		{9F7320F4-D455-4B37-B826-AFF4B01E0D6F}.Debug|iPhoneSimulator.ActiveCfg = Debug|Any CPU
		{9F7320F4-D455-4B37-B826-AFF4B01E0D6F}.Debug|iPhoneSimulator.Build.0 = Debug|Any CPU
		{9F7320F4-D455-4B37-B826-AFF4B01E0D6F}.Debug|iPhoneSimulator.Deploy.0 = Debug|Any CPU
		{9F7320F4-D455-4B37-B826-AFF4B01E0D6F}.Release|Any CPU.ActiveCfg = Release|Any CPU
		{9F7320F4-D455-4B37-B826-AFF4B01E0D6F}.Release|Any CPU.Build.0 = Release|Any CPU
		{9F7320F4-D455-4B37-B826-AFF4B01E0D6F}.Release|Any CPU.Deploy.0 = Release|Any CPU
		{9F7320F4-D455-4B37-B826-AFF4B01E0D6F}.Release|iPhone.ActiveCfg = Release|Any CPU
		{9F7320F4-D455-4B37-B826-AFF4B01E0D6F}.Release|iPhone.Build.0 = Release|Any CPU
		{9F7320F4-D455-4B37-B826-AFF4B01E0D6F}.Release|iPhone.Deploy.0 = Release|Any CPU
		{9F7320F4-D455-4B37-B826-AFF4B01E0D6F}.Release|iPhoneSimulator.ActiveCfg = Release|Any CPU
		{9F7320F4-D455-4B37-B826-AFF4B01E0D6F}.Release|iPhoneSimulator.Build.0 = Release|Any CPU
		{9F7320F4-D455-4B37-B826-AFF4B01E0D6F}.Release|iPhoneSimulator.Deploy.0 = Release|Any CPU
	EndGlobalSection
	GlobalSection(SolutionProperties) = preSolution
		HideSolutionNode = FALSE
	EndGlobalSection
	GlobalSection(ExtensibilityGlobals) = postSolution
		SolutionGuid = {C1D239A6-755D-4FD6-BBAB-CC0D30BECF1C}
	EndGlobalSection
EndGlobal
